// !$*UTF8*$!
{
	archiveVersion = 1;
	classes = {
	};
	objectVersion = 56;
	objects = {

/* Begin PBXBuildFile section */
		5155EA212A4062B500766237 /* TodoListApp.swift in Sources */ = {isa = PBXBuildFile; fileRef = 5155EA202A4062B500766237 /* TodoListApp.swift */; };
		5155EA232A4062B500766237 /* MainView.swift in Sources */ = {isa = PBXBuildFile; fileRef = 5155EA222A4062B500766237 /* MainView.swift */; };
		5155EA252A4062B600766237 /* Assets.xcassets in Resources */ = {isa = PBXBuildFile; fileRef = 5155EA242A4062B600766237 /* Assets.xcassets */; };
		5155EA282A4062B600766237 /* Preview Assets.xcassets in Resources */ = {isa = PBXBuildFile; fileRef = 5155EA272A4062B600766237 /* Preview Assets.xcassets */; };
		5155EA2F2A40649300766237 /* GoogleService-Info.plist in Resources */ = {isa = PBXBuildFile; fileRef = 5155EA2E2A40649200766237 /* GoogleService-Info.plist */; };
		5155EA322A40655F00766237 /* FirebaseAuth in Frameworks */ = {isa = PBXBuildFile; productRef = 5155EA312A40655F00766237 /* FirebaseAuth */; };
		5155EA342A40655F00766237 /* FirebaseFirestore in Frameworks */ = {isa = PBXBuildFile; productRef = 5155EA332A40655F00766237 /* FirebaseFirestore */; };
		5155EA362A40655F00766237 /* FirebaseFirestoreSwift in Frameworks */ = {isa = PBXBuildFile; productRef = 5155EA352A40655F00766237 /* FirebaseFirestoreSwift */; };
		5155EA3C2A4069BE00766237 /* ProfileView.swift in Sources */ = {isa = PBXBuildFile; fileRef = 5155EA3B2A4069BE00766237 /* ProfileView.swift */; };
		5155EA3E2A4069DD00766237 /* ToDoListView.swift in Sources */ = {isa = PBXBuildFile; fileRef = 5155EA3D2A4069DD00766237 /* ToDoListView.swift */; };
		5155EA402A4069ED00766237 /* NewItemView.swift in Sources */ = {isa = PBXBuildFile; fileRef = 5155EA3F2A4069ED00766237 /* NewItemView.swift */; };
		5155EA422A4069F900766237 /* LoginView.swift in Sources */ = {isa = PBXBuildFile; fileRef = 5155EA412A4069F900766237 /* LoginView.swift */; };
		5155EA442A406A0600766237 /* RegisterView.swift in Sources */ = {isa = PBXBuildFile; fileRef = 5155EA432A406A0600766237 /* RegisterView.swift */; };
		5155EA462A406A2F00766237 /* ToDoListItemView.swift in Sources */ = {isa = PBXBuildFile; fileRef = 5155EA452A406A2F00766237 /* ToDoListItemView.swift */; };
		5155EA482A406A6C00766237 /* User.swift in Sources */ = {isa = PBXBuildFile; fileRef = 5155EA472A406A6C00766237 /* User.swift */; };
		5155EA4A2A406A7500766237 /* ToDoListItem.swift in Sources */ = {isa = PBXBuildFile; fileRef = 5155EA492A406A7500766237 /* ToDoListItem.swift */; };
		5155EA4C2A406A9A00766237 /* MainViewViewModal.swift in Sources */ = {isa = PBXBuildFile; fileRef = 5155EA4B2A406A9A00766237 /* MainViewViewModal.swift */; };
		5155EA4E2A406AA800766237 /* ProfileViewViewModal.swift in Sources */ = {isa = PBXBuildFile; fileRef = 5155EA4D2A406AA800766237 /* ProfileViewViewModal.swift */; };
		5155EA502A406ABB00766237 /* ToDoListViewViewModal.swift in Sources */ = {isa = PBXBuildFile; fileRef = 5155EA4F2A406ABB00766237 /* ToDoListViewViewModal.swift */; };
		5155EA522A406AC900766237 /* NewItemViewViewModal.swift in Sources */ = {isa = PBXBuildFile; fileRef = 5155EA512A406AC900766237 /* NewItemViewViewModal.swift */; };
		5155EA542A406AD900766237 /* LoginViewViewModal.swift in Sources */ = {isa = PBXBuildFile; fileRef = 5155EA532A406AD900766237 /* LoginViewViewModal.swift */; };
		5155EA562A406AE300766237 /* RegisterViewViewModal.swift in Sources */ = {isa = PBXBuildFile; fileRef = 5155EA552A406AE300766237 /* RegisterViewViewModal.swift */; };
		5155EA582A406AF700766237 /* ToDoListItemViewViewModal.swift in Sources */ = {isa = PBXBuildFile; fileRef = 5155EA572A406AF700766237 /* ToDoListItemViewViewModal.swift */; };
		5155EA5A2A406DE500766237 /* HeaderView.swift in Sources */ = {isa = PBXBuildFile; fileRef = 5155EA592A406DE500766237 /* HeaderView.swift */; };
		5155EA5C2A4077C000766237 /* TLButton.swift in Sources */ = {isa = PBXBuildFile; fileRef = 5155EA5B2A4077C000766237 /* TLButton.swift */; };
		5155EA5E2A40868E00766237 /* Extensions.swift in Sources */ = {isa = PBXBuildFile; fileRef = 5155EA5D2A40868E00766237 /* Extensions.swift */; };
		5155EA602A40B2EC00766237 /* Launch Screen.storyboard in Resources */ = {isa = PBXBuildFile; fileRef = 5155EA5F2A40B2EC00766237 /* Launch Screen.storyboard */; };
/* End PBXBuildFile section */

/* Begin PBXFileReference section */
		5155EA1D2A4062B500766237 /* TodoList.app */ = {isa = PBXFileReference; explicitFileType = wrapper.application; includeInIndex = 0; path = TodoList.app; sourceTree = BUILT_PRODUCTS_DIR; };
		5155EA202A4062B500766237 /* TodoListApp.swift */ = {isa = PBXFileReference; lastKnownFileType = sourcecode.swift; path = TodoListApp.swift; sourceTree = "<group>"; };
		5155EA222A4062B500766237 /* MainView.swift */ = {isa = PBXFileReference; lastKnownFileType = sourcecode.swift; path = MainView.swift; sourceTree = "<group>"; };
		5155EA242A4062B600766237 /* Assets.xcassets */ = {isa = PBXFileReference; lastKnownFileType = folder.assetcatalog; path = Assets.xcassets; sourceTree = "<group>"; };
		5155EA272A4062B600766237 /* Preview Assets.xcassets */ = {isa = PBXFileReference; lastKnownFileType = folder.assetcatalog; path = "Preview Assets.xcassets"; sourceTree = "<group>"; };
		5155EA2E2A40649200766237 /* GoogleService-Info.plist */ = {isa = PBXFileReference; fileEncoding = 4; lastKnownFileType = text.plist.xml; path = "GoogleService-Info.plist"; sourceTree = "<group>"; };
		5155EA3B2A4069BE00766237 /* ProfileView.swift */ = {isa = PBXFileReference; lastKnownFileType = sourcecode.swift; path = ProfileView.swift; sourceTree = "<group>"; };
		5155EA3D2A4069DD00766237 /* ToDoListView.swift */ = {isa = PBXFileReference; lastKnownFileType = sourcecode.swift; path = ToDoListView.swift; sourceTree = "<group>"; };
		5155EA3F2A4069ED00766237 /* NewItemView.swift */ = {isa = PBXFileReference; lastKnownFileType = sourcecode.swift; path = NewItemView.swift; sourceTree = "<group>"; };
		5155EA412A4069F900766237 /* LoginView.swift */ = {isa = PBXFileReference; lastKnownFileType = sourcecode.swift; path = LoginView.swift; sourceTree = "<group>"; };
		5155EA432A406A0600766237 /* RegisterView.swift */ = {isa = PBXFileReference; lastKnownFileType = sourcecode.swift; path = RegisterView.swift; sourceTree = "<group>"; };
		5155EA452A406A2F00766237 /* ToDoListItemView.swift */ = {isa = PBXFileReference; lastKnownFileType = sourcecode.swift; path = ToDoListItemView.swift; sourceTree = "<group>"; };
		5155EA472A406A6C00766237 /* User.swift */ = {isa = PBXFileReference; lastKnownFileType = sourcecode.swift; path = User.swift; sourceTree = "<group>"; };
		5155EA492A406A7500766237 /* ToDoListItem.swift */ = {isa = PBXFileReference; lastKnownFileType = sourcecode.swift; path = ToDoListItem.swift; sourceTree = "<group>"; };
		5155EA4B2A406A9A00766237 /* MainViewViewModal.swift */ = {isa = PBXFileReference; lastKnownFileType = sourcecode.swift; path = MainViewViewModal.swift; sourceTree = "<group>"; };
		5155EA4D2A406AA800766237 /* ProfileViewViewModal.swift */ = {isa = PBXFileReference; lastKnownFileType = sourcecode.swift; path = ProfileViewViewModal.swift; sourceTree = "<group>"; };
		5155EA4F2A406ABB00766237 /* ToDoListViewViewModal.swift */ = {isa = PBXFileReference; lastKnownFileType = sourcecode.swift; path = ToDoListViewViewModal.swift; sourceTree = "<group>"; };
		5155EA512A406AC900766237 /* NewItemViewViewModal.swift */ = {isa = PBXFileReference; lastKnownFileType = sourcecode.swift; path = NewItemViewViewModal.swift; sourceTree = "<group>"; };
		5155EA532A406AD900766237 /* LoginViewViewModal.swift */ = {isa = PBXFileReference; lastKnownFileType = sourcecode.swift; path = LoginViewViewModal.swift; sourceTree = "<group>"; };
		5155EA552A406AE300766237 /* RegisterViewViewModal.swift */ = {isa = PBXFileReference; lastKnownFileType = sourcecode.swift; path = RegisterViewViewModal.swift; sourceTree = "<group>"; };
		5155EA572A406AF700766237 /* ToDoListItemViewViewModal.swift */ = {isa = PBXFileReference; lastKnownFileType = sourcecode.swift; path = ToDoListItemViewViewModal.swift; sourceTree = "<group>"; };
		5155EA592A406DE500766237 /* HeaderView.swift */ = {isa = PBXFileReference; lastKnownFileType = sourcecode.swift; path = HeaderView.swift; sourceTree = "<group>"; };
		5155EA5B2A4077C000766237 /* TLButton.swift */ = {isa = PBXFileReference; lastKnownFileType = sourcecode.swift; path = TLButton.swift; sourceTree = "<group>"; };
		5155EA5D2A40868E00766237 /* Extensions.swift */ = {isa = PBXFileReference; lastKnownFileType = sourcecode.swift; path = Extensions.swift; sourceTree = "<group>"; };
		5155EA5F2A40B2EC00766237 /* Launch Screen.storyboard */ = {isa = PBXFileReference; lastKnownFileType = file.storyboard; path = "Launch Screen.storyboard"; sourceTree = "<group>"; };
/* End PBXFileReference section */

/* Begin PBXFrameworksBuildPhase section */
		5155EA1A2A4062B500766237 /* Frameworks */ = {
			isa = PBXFrameworksBuildPhase;
			buildActionMask = 2147483647;
			files = (
				5155EA322A40655F00766237 /* FirebaseAuth in Frameworks */,
				5155EA342A40655F00766237 /* FirebaseFirestore in Frameworks */,
				5155EA362A40655F00766237 /* FirebaseFirestoreSwift in Frameworks */,
			);
			runOnlyForDeploymentPostprocessing = 0;
		};
/* End PBXFrameworksBuildPhase section */

/* Begin PBXGroup section */
		5155EA142A4062B500766237 = {
			isa = PBXGroup;
			children = (
				5155EA1F2A4062B500766237 /* TodoList */,
				5155EA1E2A4062B500766237 /* Products */,
			);
			sourceTree = "<group>";
		};
		5155EA1E2A4062B500766237 /* Products */ = {
			isa = PBXGroup;
			children = (
				5155EA1D2A4062B500766237 /* TodoList.app */,
			);
			name = Products;
			sourceTree = "<group>";
		};
		5155EA1F2A4062B500766237 /* TodoList */ = {
			isa = PBXGroup;
			children = (
				5155EA3A2A4067AA00766237 /* Other */,
				5155EA392A40677900766237 /* Models */,
				5155EA382A40675C00766237 /* ViewModels */,
				5155EA372A40674800766237 /* Views */,
				5155EA262A4062B600766237 /* Preview Content */,
			);
			path = TodoList;
			sourceTree = "<group>";
		};
		5155EA262A4062B600766237 /* Preview Content */ = {
			isa = PBXGroup;
			children = (
				5155EA272A4062B600766237 /* Preview Assets.xcassets */,
			);
			path = "Preview Content";
			sourceTree = "<group>";
		};
		5155EA372A40674800766237 /* Views */ = {
			isa = PBXGroup;
			children = (
				5155EA222A4062B500766237 /* MainView.swift */,
				5155EA3B2A4069BE00766237 /* ProfileView.swift */,
				5155EA3D2A4069DD00766237 /* ToDoListView.swift */,
				5155EA3F2A4069ED00766237 /* NewItemView.swift */,
				5155EA412A4069F900766237 /* LoginView.swift */,
				5155EA432A406A0600766237 /* RegisterView.swift */,
				5155EA452A406A2F00766237 /* ToDoListItemView.swift */,
				5155EA592A406DE500766237 /* HeaderView.swift */,
				5155EA5B2A4077C000766237 /* TLButton.swift */,
			);
			path = Views;
			sourceTree = "<group>";
		};
		5155EA382A40675C00766237 /* ViewModels */ = {
			isa = PBXGroup;
			children = (
				5155EA4B2A406A9A00766237 /* MainViewViewModal.swift */,
				5155EA4D2A406AA800766237 /* ProfileViewViewModal.swift */,
				5155EA4F2A406ABB00766237 /* ToDoListViewViewModal.swift */,
				5155EA512A406AC900766237 /* NewItemViewViewModal.swift */,
				5155EA532A406AD900766237 /* LoginViewViewModal.swift */,
				5155EA552A406AE300766237 /* RegisterViewViewModal.swift */,
				5155EA572A406AF700766237 /* ToDoListItemViewViewModal.swift */,
			);
			path = ViewModels;
			sourceTree = "<group>";
		};
		5155EA392A40677900766237 /* Models */ = {
			isa = PBXGroup;
			children = (
				5155EA472A406A6C00766237 /* User.swift */,
				5155EA492A406A7500766237 /* ToDoListItem.swift */,
			);
			path = Models;
			sourceTree = "<group>";
		};
		5155EA3A2A4067AA00766237 /* Other */ = {
			isa = PBXGroup;
			children = (
				5155EA242A4062B600766237 /* Assets.xcassets */,
				5155EA202A4062B500766237 /* TodoListApp.swift */,
				5155EA2E2A40649200766237 /* GoogleService-Info.plist */,
				5155EA5D2A40868E00766237 /* Extensions.swift */,
				5155EA5F2A40B2EC00766237 /* Launch Screen.storyboard */,
			);
			path = Other;
			sourceTree = "<group>";
		};
/* End PBXGroup section */

/* Begin PBXNativeTarget section */
		5155EA1C2A4062B500766237 /* TodoList */ = {
			isa = PBXNativeTarget;
			buildConfigurationList = 5155EA2B2A4062B600766237 /* Build configuration list for PBXNativeTarget "TodoList" */;
			buildPhases = (
				5155EA192A4062B500766237 /* Sources */,
				5155EA1A2A4062B500766237 /* Frameworks */,
				5155EA1B2A4062B500766237 /* Resources */,
			);
			buildRules = (
			);
			dependencies = (
			);
			name = TodoList;
			packageProductDependencies = (
				5155EA312A40655F00766237 /* FirebaseAuth */,
				5155EA332A40655F00766237 /* FirebaseFirestore */,
				5155EA352A40655F00766237 /* FirebaseFirestoreSwift */,
			);
			productName = TodoList;
			productReference = 5155EA1D2A4062B500766237 /* TodoList.app */;
			productType = "com.apple.product-type.application";
		};
/* End PBXNativeTarget section */

/* Begin PBXProject section */
		5155EA152A4062B500766237 /* Project object */ = {
			isa = PBXProject;
			attributes = {
				BuildIndependentTargetsInParallel = 1;
				LastSwiftUpdateCheck = 1430;
				LastUpgradeCheck = 1430;
				TargetAttributes = {
					5155EA1C2A4062B500766237 = {
						CreatedOnToolsVersion = 14.3;
					};
				};
			};
			buildConfigurationList = 5155EA182A4062B500766237 /* Build configuration list for PBXProject "TodoList" */;
			compatibilityVersion = "Xcode 14.0";
			developmentRegion = en;
			hasScannedForEncodings = 0;
			knownRegions = (
				en,
				Base,
			);
			mainGroup = 5155EA142A4062B500766237;
			packageReferences = (
				5155EA302A40655F00766237 /* XCRemoteSwiftPackageReference "firebase-ios-sdk" */,
			);
			productRefGroup = 5155EA1E2A4062B500766237 /* Products */;
			projectDirPath = "";
			projectRoot = "";
			targets = (
				5155EA1C2A4062B500766237 /* TodoList */,
			);
		};
/* End PBXProject section */

/* Begin PBXResourcesBuildPhase section */
		5155EA1B2A4062B500766237 /* Resources */ = {
			isa = PBXResourcesBuildPhase;
			buildActionMask = 2147483647;
			files = (
				5155EA282A4062B600766237 /* Preview Assets.xcassets in Resources */,
				5155EA252A4062B600766237 /* Assets.xcassets in Resources */,
				5155EA602A40B2EC00766237 /* Launch Screen.storyboard in Resources */,
				5155EA2F2A40649300766237 /* GoogleService-Info.plist in Resources */,
			);
			runOnlyForDeploymentPostprocessing = 0;
		};
/* End PBXResourcesBuildPhase section */

/* Begin PBXSourcesBuildPhase section */
		5155EA192A4062B500766237 /* Sources */ = {
			isa = PBXSourcesBuildPhase;
			buildActionMask = 2147483647;
			files = (
				5155EA4A2A406A7500766237 /* ToDoListItem.swift in Sources */,
				5155EA5A2A406DE500766237 /* HeaderView.swift in Sources */,
				5155EA522A406AC900766237 /* NewItemViewViewModal.swift in Sources */,
				5155EA422A4069F900766237 /* LoginView.swift in Sources */,
				5155EA582A406AF700766237 /* ToDoListItemViewViewModal.swift in Sources */,
				5155EA232A4062B500766237 /* MainView.swift in Sources */,
				5155EA3E2A4069DD00766237 /* ToDoListView.swift in Sources */,
				5155EA5C2A4077C000766237 /* TLButton.swift in Sources */,
				5155EA4C2A406A9A00766237 /* MainViewViewModal.swift in Sources */,
				5155EA4E2A406AA800766237 /* ProfileViewViewModal.swift in Sources */,
				5155EA442A406A0600766237 /* RegisterView.swift in Sources */,
				5155EA542A406AD900766237 /* LoginViewViewModal.swift in Sources */,
				5155EA3C2A4069BE00766237 /* ProfileView.swift in Sources */,
				5155EA482A406A6C00766237 /* User.swift in Sources */,
				5155EA502A406ABB00766237 /* ToDoListViewViewModal.swift in Sources */,
				5155EA5E2A40868E00766237 /* Extensions.swift in Sources */,
				5155EA462A406A2F00766237 /* ToDoListItemView.swift in Sources */,
				5155EA212A4062B500766237 /* TodoListApp.swift in Sources */,
				5155EA562A406AE300766237 /* RegisterViewViewModal.swift in Sources */,
				5155EA402A4069ED00766237 /* NewItemView.swift in Sources */,
			);
			runOnlyForDeploymentPostprocessing = 0;
		};
/* End PBXSourcesBuildPhase section */

/* Begin XCBuildConfiguration section */
		5155EA292A4062B600766237 /* Debug */ = {
			isa = XCBuildConfiguration;
			buildSettings = {
				ALWAYS_SEARCH_USER_PATHS = NO;
				CLANG_ANALYZER_NONNULL = YES;
				CLANG_ANALYZER_NUMBER_OBJECT_CONVERSION = YES_AGGRESSIVE;
				CLANG_CXX_LANGUAGE_STANDARD = "gnu++20";
				CLANG_ENABLE_MODULES = YES;
				CLANG_ENABLE_OBJC_ARC = YES;
				CLANG_ENABLE_OBJC_WEAK = YES;
				CLANG_WARN_BLOCK_CAPTURE_AUTORELEASING = YES;
				CLANG_WARN_BOOL_CONVERSION = YES;
				CLANG_WARN_COMMA = YES;
				CLANG_WARN_CONSTANT_CONVERSION = YES;
				CLANG_WARN_DEPRECATED_OBJC_IMPLEMENTATIONS = YES;
				CLANG_WARN_DIRECT_OBJC_ISA_USAGE = YES_ERROR;
				CLANG_WARN_DOCUMENTATION_COMMENTS = YES;
				CLANG_WARN_EMPTY_BODY = YES;
				CLANG_WARN_ENUM_CONVERSION = YES;
				CLANG_WARN_INFINITE_RECURSION = YES;
				CLANG_WARN_INT_CONVERSION = YES;
				CLANG_WARN_NON_LITERAL_NULL_CONVERSION = YES;
				CLANG_WARN_OBJC_IMPLICIT_RETAIN_SELF = YES;
				CLANG_WARN_OBJC_LITERAL_CONVERSION = YES;
				CLANG_WARN_OBJC_ROOT_CLASS = YES_ERROR;
				CLANG_WARN_QUOTED_INCLUDE_IN_FRAMEWORK_HEADER = YES;
				CLANG_WARN_RANGE_LOOP_ANALYSIS = YES;
				CLANG_WARN_STRICT_PROTOTYPES = YES;
				CLANG_WARN_SUSPICIOUS_MOVE = YES;
				CLANG_WARN_UNGUARDED_AVAILABILITY = YES_AGGRESSIVE;
				CLANG_WARN_UNREACHABLE_CODE = YES;
				CLANG_WARN__DUPLICATE_METHOD_MATCH = YES;
				COPY_PHASE_STRIP = NO;
				DEBUG_INFORMATION_FORMAT = dwarf;
				ENABLE_STRICT_OBJC_MSGSEND = YES;
				ENABLE_TESTABILITY = YES;
				GCC_C_LANGUAGE_STANDARD = gnu11;
				GCC_DYNAMIC_NO_PIC = NO;
				GCC_NO_COMMON_BLOCKS = YES;
				GCC_OPTIMIZATION_LEVEL = 0;
				GCC_PREPROCESSOR_DEFINITIONS = (
					"DEBUG=1",
					"$(inherited)",
				);
				GCC_WARN_64_TO_32_BIT_CONVERSION = YES;
				GCC_WARN_ABOUT_RETURN_TYPE = YES_ERROR;
				GCC_WARN_UNDECLARED_SELECTOR = YES;
				GCC_WARN_UNINITIALIZED_AUTOS = YES_AGGRESSIVE;
				GCC_WARN_UNUSED_FUNCTION = YES;
				GCC_WARN_UNUSED_VARIABLE = YES;
				IPHONEOS_DEPLOYMENT_TARGET = 16.4;
				MTL_ENABLE_DEBUG_INFO = INCLUDE_SOURCE;
				MTL_FAST_MATH = YES;
				ONLY_ACTIVE_ARCH = YES;
				SDKROOT = iphoneos;
				SWIFT_ACTIVE_COMPILATION_CONDITIONS = DEBUG;
				SWIFT_OPTIMIZATION_LEVEL = "-Onone";
			};
			name = Debug;
		};
		5155EA2A2A4062B600766237 /* Release */ = {
			isa = XCBuildConfiguration;
			buildSettings = {
				ALWAYS_SEARCH_USER_PATHS = NO;
				CLANG_ANALYZER_NONNULL = YES;
				CLANG_ANALYZER_NUMBER_OBJECT_CONVERSION = YES_AGGRESSIVE;
				CLANG_CXX_LANGUAGE_STANDARD = "gnu++20";
				CLANG_ENABLE_MODULES = YES;
				CLANG_ENABLE_OBJC_ARC = YES;
				CLANG_ENABLE_OBJC_WEAK = YES;
				CLANG_WARN_BLOCK_CAPTURE_AUTORELEASING = YES;
				CLANG_WARN_BOOL_CONVERSION = YES;
				CLANG_WARN_COMMA = YES;
				CLANG_WARN_CONSTANT_CONVERSION = YES;
				CLANG_WARN_DEPRECATED_OBJC_IMPLEMENTATIONS = YES;
				CLANG_WARN_DIRECT_OBJC_ISA_USAGE = YES_ERROR;
				CLANG_WARN_DOCUMENTATION_COMMENTS = YES;
				CLANG_WARN_EMPTY_BODY = YES;
				CLANG_WARN_ENUM_CONVERSION = YES;
				CLANG_WARN_INFINITE_RECURSION = YES;
				CLANG_WARN_INT_CONVERSION = YES;
				CLANG_WARN_NON_LITERAL_NULL_CONVERSION = YES;
				CLANG_WARN_OBJC_IMPLICIT_RETAIN_SELF = YES;
				CLANG_WARN_OBJC_LITERAL_CONVERSION = YES;
				CLANG_WARN_OBJC_ROOT_CLASS = YES_ERROR;
				CLANG_WARN_QUOTED_INCLUDE_IN_FRAMEWORK_HEADER = YES;
				CLANG_WARN_RANGE_LOOP_ANALYSIS = YES;
				CLANG_WARN_STRICT_PROTOTYPES = YES;
				CLANG_WARN_SUSPICIOUS_MOVE = YES;
				CLANG_WARN_UNGUARDED_AVAILABILITY = YES_AGGRESSIVE;
				CLANG_WARN_UNREACHABLE_CODE = YES;
				CLANG_WARN__DUPLICATE_METHOD_MATCH = YES;
				COPY_PHASE_STRIP = NO;
				DEBUG_INFORMATION_FORMAT = "dwarf-with-dsym";
				ENABLE_NS_ASSERTIONS = NO;
				ENABLE_STRICT_OBJC_MSGSEND = YES;
				GCC_C_LANGUAGE_STANDARD = gnu11;
				GCC_NO_COMMON_BLOCKS = YES;
				GCC_WARN_64_TO_32_BIT_CONVERSION = YES;
				GCC_WARN_ABOUT_RETURN_TYPE = YES_ERROR;
				GCC_WARN_UNDECLARED_SELECTOR = YES;
				GCC_WARN_UNINITIALIZED_AUTOS = YES_AGGRESSIVE;
				GCC_WARN_UNUSED_FUNCTION = YES;
				GCC_WARN_UNUSED_VARIABLE = YES;
				IPHONEOS_DEPLOYMENT_TARGET = 16.4;
				MTL_ENABLE_DEBUG_INFO = NO;
				MTL_FAST_MATH = YES;
				SDKROOT = iphoneos;
				SWIFT_COMPILATION_MODE = wholemodule;
				SWIFT_OPTIMIZATION_LEVEL = "-O";
				VALIDATE_PRODUCT = YES;
			};
			name = Release;
		};
		5155EA2C2A4062B600766237 /* Debug */ = {
			isa = XCBuildConfiguration;
			buildSettings = {
				ASSETCATALOG_COMPILER_APPICON_NAME = AppIcon;
				ASSETCATALOG_COMPILER_GLOBAL_ACCENT_COLOR_NAME = AccentColor;
				CODE_SIGN_STYLE = Automatic;
				CURRENT_PROJECT_VERSION = 1;
				DEVELOPMENT_ASSET_PATHS = "\"TodoList/Preview Content\"";
				ENABLE_PREVIEWS = YES;
				GENERATE_INFOPLIST_FILE = YES;
				INFOPLIST_KEY_CFBundleDisplayName = "To Do List";
				INFOPLIST_KEY_UIApplicationSceneManifest_Generation = YES;
				INFOPLIST_KEY_UIApplicationSupportsIndirectInputEvents = YES;
				INFOPLIST_KEY_UILaunchScreen_Generation = YES;
				INFOPLIST_KEY_UILaunchStoryboardName = "Launch Screen.storyboard";
				INFOPLIST_KEY_UISupportedInterfaceOrientations = UIInterfaceOrientationPortrait;
				LD_RUNPATH_SEARCH_PATHS = (
					"$(inherited)",
					"@executable_path/Frameworks",
				);
				MARKETING_VERSION = 1.0;
				PRODUCT_BUNDLE_IDENTIFIER = io.gangburit.TodoList;
				PRODUCT_NAME = "$(TARGET_NAME)";
				SWIFT_EMIT_LOC_STRINGS = YES;
				SWIFT_VERSION = 5.0;
				TARGETED_DEVICE_FAMILY = "1,2";
			};
			name = Debug;
		};
		5155EA2D2A4062B600766237 /* Release */ = {
			isa = XCBuildConfiguration;
			buildSettings = {
				ASSETCATALOG_COMPILER_APPICON_NAME = AppIcon;
				ASSETCATALOG_COMPILER_GLOBAL_ACCENT_COLOR_NAME = AccentColor;
				CODE_SIGN_STYLE = Automatic;
				CURRENT_PROJECT_VERSION = 1;
				DEVELOPMENT_ASSET_PATHS = "\"TodoList/Preview Content\"";
				ENABLE_PREVIEWS = YES;
				GENERATE_INFOPLIST_FILE = YES;
				INFOPLIST_KEY_CFBundleDisplayName = "To Do List";
				INFOPLIST_KEY_UIApplicationSceneManifest_Generation = YES;
				INFOPLIST_KEY_UIApplicationSupportsIndirectInputEvents = YES;
				INFOPLIST_KEY_UILaunchScreen_Generation = YES;
				INFOPLIST_KEY_UILaunchStoryboardName = "Launch Screen.storyboard";
				INFOPLIST_KEY_UISupportedInterfaceOrientations = UIInterfaceOrientationPortrait;
				LD_RUNPATH_SEARCH_PATHS = (
					"$(inherited)",
					"@executable_path/Frameworks",
				);
				MARKETING_VERSION = 1.0;
				PRODUCT_BUNDLE_IDENTIFIER = io.gangburit.TodoList;
				PRODUCT_NAME = "$(TARGET_NAME)";
				SWIFT_EMIT_LOC_STRINGS = YES;
				SWIFT_VERSION = 5.0;
				TARGETED_DEVICE_FAMILY = "1,2";
			};
			name = Release;
		};
/* End XCBuildConfiguration section */

/* Begin XCConfigurationList section */
		5155EA182A4062B500766237 /* Build configuration list for PBXProject "TodoList" */ = {
			isa = XCConfigurationList;
			buildConfigurations = (
				5155EA292A4062B600766237 /* Debug */,
				5155EA2A2A4062B600766237 /* Release */,
			);
			defaultConfigurationIsVisible = 0;
			defaultConfigurationName = Release;
		};
		5155EA2B2A4062B600766237 /* Build configuration list for PBXNativeTarget "TodoList" */ = {
			isa = XCConfigurationList;
			buildConfigurations = (
				5155EA2C2A4062B600766237 /* Debug */,
				5155EA2D2A4062B600766237 /* Release */,
			);
			defaultConfigurationIsVisible = 0;
			defaultConfigurationName = Release;
		};
/* End XCConfigurationList section */

/* Begin XCRemoteSwiftPackageReference section */
		5155EA302A40655F00766237 /* XCRemoteSwiftPackageReference "firebase-ios-sdk" */ = {
			isa = XCRemoteSwiftPackageReference;
			repositoryURL = "https://github.com/firebase/firebase-ios-sdk";
			requirement = {
				kind = upToNextMajorVersion;
				minimumVersion = 10.0.0;
			};
		};
/* End XCRemoteSwiftPackageReference section */

/* Begin XCSwiftPackageProductDependency section */
		5155EA312A40655F00766237 /* FirebaseAuth */ = {
			isa = XCSwiftPackageProductDependency;
			package = 5155EA302A40655F00766237 /* XCRemoteSwiftPackageReference "firebase-ios-sdk" */;
			productName = FirebaseAuth;
		};
		5155EA332A40655F00766237 /* FirebaseFirestore */ = {
			isa = XCSwiftPackageProductDependency;
			package = 5155EA302A40655F00766237 /* XCRemoteSwiftPackageReference "firebase-ios-sdk" */;
			productName = FirebaseFirestore;
		};
		5155EA352A40655F00766237 /* FirebaseFirestoreSwift */ = {
			isa = XCSwiftPackageProductDependency;
			package = 5155EA302A40655F00766237 /* XCRemoteSwiftPackageReference "firebase-ios-sdk" */;
			productName = FirebaseFirestoreSwift;
		};
/* End XCSwiftPackageProductDependency section */
	};
	rootObject = 5155EA152A4062B500766237 /* Project object */;
}
